
Microsoft Visual Studio Solution File, Format Version 12.00
# Visual Studio Version 16
VisualStudioVersion = 25.0.1703.7
MinimumVisualStudioVersion = 10.0.40219.1
Project("{FAE04EC0-301F-11D3-BF4B-00C04F79EFBC}") = "SaberTest", "SaberTest\SaberTest.csproj", "{EC3C66AF-78A8-4657-BC22-843F6CDA7057}"
EndProject
Global
	GlobalSection(SolutionConfigurationPlatforms) = preSolution
		Debug|Any CPU = Debug|Any CPU
		Release|Any CPU = Release|Any CPU
	EndGlobalSection
	GlobalSection(ProjectConfigurationPlatforms) = postSolution
		{EC3C66AF-78A8-4657-BC22-843F6CDA7057}.Debug|Any CPU.ActiveCfg = Debug|Any CPU
		{EC3C66AF-78A8-4657-BC22-843F6CDA7057}.Debug|Any CPU.Build.0 = Debug|Any CPU
		{EC3C66AF-78A8-4657-BC22-843F6CDA7057}.Release|Any CPU.ActiveCfg = Release|Any CPU
		{EC3C66AF-78A8-4657-BC22-843F6CDA7057}.Release|Any CPU.Build.0 = Release|Any CPU
	EndGlobalSection
	GlobalSection(SolutionProperties) = preSolution
		HideSolutionNode = FALSE
	EndGlobalSection
	GlobalSection(ExtensibilityGlobals) = postSolution
		SolutionGuid = {438AD35E-3355-4194-B0C6-C57B7875AB7F}
	EndGlobalSection
EndGlobal
